
Microsoft Visual Studio Solution File, Format Version 12.00
# Visual Studio 2013
VisualStudioVersion = 12.0.30501.0
MinimumVisualStudioVersion = 10.0.40219.1
Project("{FAE04EC0-301F-11D3-BF4B-00C04F79EFBC}") = "WinPhone_HS_App", "WinPhone_HS_App\WinPhone_HS_App.csproj", "{028B8C92-992E-44E8-8A65-4D20D9963756}"
	ProjectSection(ProjectDependencies) = postProject
		{C1535FF4-17F6-4A14-A01F-6E69E6824350} = {C1535FF4-17F6-4A14-A01F-6E69E6824350}
		{870F59F6-A17F-4E1B-8657-8C6C75538970} = {870F59F6-A17F-4E1B-8657-8C6C75538970}
	EndProjectSection
EndProject
Project("{FAE04EC0-301F-11D3-BF4B-00C04F79EFBC}") = "SRHS2backend", "SRHS2backend\SRHS2backend.csproj", "{C1535FF4-17F6-4A14-A01F-6E69E6824350}"
EndProject
Project("{FAE04EC0-301F-11D3-BF4B-00C04F79EFBC}") = "Common", "Common\Common.csproj", "{870F59F6-A17F-4E1B-8657-8C6C75538970}"
EndProject
Project("{FAE04EC0-301F-11D3-BF4B-00C04F79EFBC}") = "Sphero", "..\..\..\..\CodeProjects\UnchangedSDK2\sphero-sdk-master\SDK\Sphero\Sphero.csproj", "{58B6E413-291C-4D07-B1AE-54CF86460168}"
EndProject
Project("{FAE04EC0-301F-11D3-BF4B-00C04F79EFBC}") = "DriveSample", "DriveSample\DriveSample.csproj", "{7D0D7558-26D8-466B-9524-21597018D599}"
EndProject
Global
	GlobalSection(SolutionConfigurationPlatforms) = preSolution
		Debug|Any CPU = Debug|Any CPU
		Debug|ARM = Debug|ARM
		Debug|x64 = Debug|x64
		Debug|x86 = Debug|x86
		Release|Any CPU = Release|Any CPU
		Release|ARM = Release|ARM
		Release|x64 = Release|x64
		Release|x86 = Release|x86
	EndGlobalSection
	GlobalSection(ProjectConfigurationPlatforms) = postSolution
		{028B8C92-992E-44E8-8A65-4D20D9963756}.Debug|Any CPU.ActiveCfg = Debug|Any CPU
		{028B8C92-992E-44E8-8A65-4D20D9963756}.Debug|Any CPU.Build.0 = Debug|Any CPU
		{028B8C92-992E-44E8-8A65-4D20D9963756}.Debug|Any CPU.Deploy.0 = Debug|Any CPU
		{028B8C92-992E-44E8-8A65-4D20D9963756}.Debug|ARM.ActiveCfg = Debug|ARM
		{028B8C92-992E-44E8-8A65-4D20D9963756}.Debug|ARM.Build.0 = Debug|ARM
		{028B8C92-992E-44E8-8A65-4D20D9963756}.Debug|ARM.Deploy.0 = Debug|ARM
		{028B8C92-992E-44E8-8A65-4D20D9963756}.Debug|x64.ActiveCfg = Debug|Any CPU
		{028B8C92-992E-44E8-8A65-4D20D9963756}.Debug|x86.ActiveCfg = Debug|x86
		{028B8C92-992E-44E8-8A65-4D20D9963756}.Debug|x86.Build.0 = Debug|x86
		{028B8C92-992E-44E8-8A65-4D20D9963756}.Debug|x86.Deploy.0 = Debug|x86
		{028B8C92-992E-44E8-8A65-4D20D9963756}.Release|Any CPU.ActiveCfg = Release|Any CPU
		{028B8C92-992E-44E8-8A65-4D20D9963756}.Release|Any CPU.Build.0 = Release|Any CPU
		{028B8C92-992E-44E8-8A65-4D20D9963756}.Release|Any CPU.Deploy.0 = Release|Any CPU
		{028B8C92-992E-44E8-8A65-4D20D9963756}.Release|ARM.ActiveCfg = Release|ARM
		{028B8C92-992E-44E8-8A65-4D20D9963756}.Release|ARM.Build.0 = Release|ARM
		{028B8C92-992E-44E8-8A65-4D20D9963756}.Release|ARM.Deploy.0 = Release|ARM
		{028B8C92-992E-44E8-8A65-4D20D9963756}.Release|x64.ActiveCfg = Release|Any CPU
		{028B8C92-992E-44E8-8A65-4D20D9963756}.Release|x86.ActiveCfg = Release|x86
		{028B8C92-992E-44E8-8A65-4D20D9963756}.Release|x86.Build.0 = Release|x86
		{028B8C92-992E-44E8-8A65-4D20D9963756}.Release|x86.Deploy.0 = Release|x86
		{C1535FF4-17F6-4A14-A01F-6E69E6824350}.Debug|Any CPU.ActiveCfg = Debug|Any CPU
		{C1535FF4-17F6-4A14-A01F-6E69E6824350}.Debug|Any CPU.Build.0 = Debug|Any CPU
		{C1535FF4-17F6-4A14-A01F-6E69E6824350}.Debug|ARM.ActiveCfg = Debug|Any CPU
		{C1535FF4-17F6-4A14-A01F-6E69E6824350}.Debug|x64.ActiveCfg = Debug|Any CPU
		{C1535FF4-17F6-4A14-A01F-6E69E6824350}.Debug|x86.ActiveCfg = Debug|Any CPU
		{C1535FF4-17F6-4A14-A01F-6E69E6824350}.Release|Any CPU.ActiveCfg = Release|Any CPU
		{C1535FF4-17F6-4A14-A01F-6E69E6824350}.Release|Any CPU.Build.0 = Release|Any CPU
		{C1535FF4-17F6-4A14-A01F-6E69E6824350}.Release|ARM.ActiveCfg = Release|Any CPU
		{C1535FF4-17F6-4A14-A01F-6E69E6824350}.Release|x64.ActiveCfg = Release|Any CPU
		{C1535FF4-17F6-4A14-A01F-6E69E6824350}.Release|x86.ActiveCfg = Release|Any CPU
		{870F59F6-A17F-4E1B-8657-8C6C75538970}.Debug|Any CPU.ActiveCfg = Debug|Any CPU
		{870F59F6-A17F-4E1B-8657-8C6C75538970}.Debug|Any CPU.Build.0 = Debug|Any CPU
		{870F59F6-A17F-4E1B-8657-8C6C75538970}.Debug|ARM.ActiveCfg = Debug|Any CPU
		{870F59F6-A17F-4E1B-8657-8C6C75538970}.Debug|x64.ActiveCfg = Debug|Any CPU
		{870F59F6-A17F-4E1B-8657-8C6C75538970}.Debug|x86.ActiveCfg = Debug|Any CPU
		{870F59F6-A17F-4E1B-8657-8C6C75538970}.Release|Any CPU.ActiveCfg = Release|Any CPU
		{870F59F6-A17F-4E1B-8657-8C6C75538970}.Release|Any CPU.Build.0 = Release|Any CPU
		{870F59F6-A17F-4E1B-8657-8C6C75538970}.Release|ARM.ActiveCfg = Release|Any CPU
		{870F59F6-A17F-4E1B-8657-8C6C75538970}.Release|x64.ActiveCfg = Release|Any CPU
		{870F59F6-A17F-4E1B-8657-8C6C75538970}.Release|x86.ActiveCfg = Release|Any CPU
		{58B6E413-291C-4D07-B1AE-54CF86460168}.Debug|Any CPU.ActiveCfg = Debug|Any CPU
		{58B6E413-291C-4D07-B1AE-54CF86460168}.Debug|Any CPU.Build.0 = Debug|Any CPU
		{58B6E413-291C-4D07-B1AE-54CF86460168}.Debug|ARM.ActiveCfg = Debug|ARM
		{58B6E413-291C-4D07-B1AE-54CF86460168}.Debug|ARM.Build.0 = Debug|ARM
		{58B6E413-291C-4D07-B1AE-54CF86460168}.Debug|x64.ActiveCfg = Debug|Any CPU
		{58B6E413-291C-4D07-B1AE-54CF86460168}.Debug|x86.ActiveCfg = Debug|x86
		{58B6E413-291C-4D07-B1AE-54CF86460168}.Debug|x86.Build.0 = Debug|x86
		{58B6E413-291C-4D07-B1AE-54CF86460168}.Release|Any CPU.ActiveCfg = Release|Any CPU
		{58B6E413-291C-4D07-B1AE-54CF86460168}.Release|Any CPU.Build.0 = Release|Any CPU
		{58B6E413-291C-4D07-B1AE-54CF86460168}.Release|ARM.ActiveCfg = Release|ARM
		{58B6E413-291C-4D07-B1AE-54CF86460168}.Release|ARM.Build.0 = Release|ARM
		{58B6E413-291C-4D07-B1AE-54CF86460168}.Release|x64.ActiveCfg = Release|Any CPU
		{58B6E413-291C-4D07-B1AE-54CF86460168}.Release|x86.ActiveCfg = Release|x86
		{58B6E413-291C-4D07-B1AE-54CF86460168}.Release|x86.Build.0 = Release|x86
		{7D0D7558-26D8-466B-9524-21597018D599}.Debug|Any CPU.ActiveCfg = Debug|Any CPU
		{7D0D7558-26D8-466B-9524-21597018D599}.Debug|Any CPU.Build.0 = Debug|Any CPU
		{7D0D7558-26D8-466B-9524-21597018D599}.Debug|Any CPU.Deploy.0 = Debug|Any CPU
		{7D0D7558-26D8-466B-9524-21597018D599}.Debug|ARM.ActiveCfg = Debug|ARM
		{7D0D7558-26D8-466B-9524-21597018D599}.Debug|ARM.Build.0 = Debug|ARM
		{7D0D7558-26D8-466B-9524-21597018D599}.Debug|ARM.Deploy.0 = Debug|ARM
		{7D0D7558-26D8-466B-9524-21597018D599}.Debug|x64.ActiveCfg = Debug|Any CPU
		{7D0D7558-26D8-466B-9524-21597018D599}.Debug|x86.ActiveCfg = Debug|x86
		{7D0D7558-26D8-466B-9524-21597018D599}.Debug|x86.Build.0 = Debug|x86
		{7D0D7558-26D8-466B-9524-21597018D599}.Debug|x86.Deploy.0 = Debug|x86
		{7D0D7558-26D8-466B-9524-21597018D599}.Release|Any CPU.ActiveCfg = Release|Any CPU
		{7D0D7558-26D8-466B-9524-21597018D599}.Release|Any CPU.Build.0 = Release|Any CPU
		{7D0D7558-26D8-466B-9524-21597018D599}.Release|Any CPU.Deploy.0 = Release|Any CPU
		{7D0D7558-26D8-466B-9524-21597018D599}.Release|ARM.ActiveCfg = Release|ARM
		{7D0D7558-26D8-466B-9524-21597018D599}.Release|ARM.Build.0 = Release|ARM
		{7D0D7558-26D8-466B-9524-21597018D599}.Release|ARM.Deploy.0 = Release|ARM
		{7D0D7558-26D8-466B-9524-21597018D599}.Release|x64.ActiveCfg = Release|Any CPU
		{7D0D7558-26D8-466B-9524-21597018D599}.Release|x86.ActiveCfg = Release|x86
		{7D0D7558-26D8-466B-9524-21597018D599}.Release|x86.Build.0 = Release|x86
		{7D0D7558-26D8-466B-9524-21597018D599}.Release|x86.Deploy.0 = Release|x86
	EndGlobalSection
	GlobalSection(SolutionProperties) = preSolution
		HideSolutionNode = FALSE
	EndGlobalSection
EndGlobal
